
Microsoft Visual Studio Solution File, Format Version 12.00
# Visual Studio Version 17
VisualStudioVersion = 17.14.36429.23
MinimumVisualStudioVersion = 10.0.40219.1
Project("{8BC9CEB8-8B4A-11D0-8D11-00A0C91BC942}") = "Ariel32", "..\Library\Ariel32\Ariel32.vcxproj", "{70E4496B-495B-4547-BE2E-6221B89DEC6F}"
EndProject
Global
	GlobalSection(SolutionConfigurationPlatforms) = preSolution
		Debug|x64 = Debug|x64
		Debug|x86 = Debug|x86
		Release|x64 = Release|x64
		Release|x86 = Release|x86
	EndGlobalSection
	GlobalSection(ProjectConfigurationPlatforms) = postSolution
		{70E4496B-495B-4547-BE2E-6221B89DEC6F}.Debug|x64.ActiveCfg = Debug|x64
		{70E4496B-495B-4547-BE2E-6221B89DEC6F}.Debug|x64.Build.0 = Debug|x64
		{70E4496B-495B-4547-BE2E-6221B89DEC6F}.Debug|x86.ActiveCfg = Debug|Win32
		{70E4496B-495B-4547-BE2E-6221B89DEC6F}.Debug|x86.Build.0 = Debug|Win32
		{70E4496B-495B-4547-BE2E-6221B89DEC6F}.Release|x64.ActiveCfg = Release|x64
		{70E4496B-495B-4547-BE2E-6221B89DEC6F}.Release|x64.Build.0 = Release|x64
		{70E4496B-495B-4547-BE2E-6221B89DEC6F}.Release|x86.ActiveCfg = Release|Win32
		{70E4496B-495B-4547-BE2E-6221B89DEC6F}.Release|x86.Build.0 = Release|Win32
	EndGlobalSection
	GlobalSection(SolutionProperties) = preSolution
		HideSolutionNode = FALSE
	EndGlobalSection
	GlobalSection(ExtensibilityGlobals) = postSolution
		SolutionGuid = {139EBDAC-8C1F-4387-8814-83316C43E37C}
	EndGlobalSection
EndGlobal
